
Microsoft Visual Studio Solution File, Format Version 12.00
# Visual Studio 15
Project("{FAE04EC0-301F-11D3-BF4B-00C04F79EFBC}") = "XF4P7Base.Android", "XF4P7Base.Android\XF4P7Base.Android.csproj", "{5A734230-E610-4949-B504-FD70CB401859}"
EndProject
Project("{FAE04EC0-301F-11D3-BF4B-00C04F79EFBC}") = "XF4P7Base.iOS", "XF4P7Base.iOS\XF4P7Base.iOS.csproj", "{050DB50E-6010-4B5B-9C70-77C78C65C321}"
EndProject
Project("{FAE04EC0-301F-11D3-BF4B-00C04F79EFBC}") = "XF4P7Base", "XF4P7Base\XF4P7Base.csproj", "{0B18E430-4F1B-45DC-82CF-45B4BD57726E}"
EndProject
Global
	GlobalSection(SolutionConfigurationPlatforms) = preSolution
		Debug|Any CPU = Debug|Any CPU
		Release|Any CPU = Release|Any CPU
		Debug|iPhoneSimulator = Debug|iPhoneSimulator
		Release|iPhoneSimulator = Release|iPhoneSimulator
		Debug|iPhone = Debug|iPhone
		Release|iPhone = Release|iPhone
	EndGlobalSection
	GlobalSection(ProjectConfigurationPlatforms) = postSolution
		{5A734230-E610-4949-B504-FD70CB401859}.Debug|Any CPU.ActiveCfg = Debug|Any CPU
		{5A734230-E610-4949-B504-FD70CB401859}.Debug|Any CPU.Build.0 = Debug|Any CPU
		{5A734230-E610-4949-B504-FD70CB401859}.Release|Any CPU.ActiveCfg = Release|Any CPU
		{5A734230-E610-4949-B504-FD70CB401859}.Release|Any CPU.Build.0 = Release|Any CPU
		{5A734230-E610-4949-B504-FD70CB401859}.Debug|iPhoneSimulator.ActiveCfg = Debug|Any CPU
		{5A734230-E610-4949-B504-FD70CB401859}.Debug|iPhoneSimulator.Build.0 = Debug|Any CPU
		{5A734230-E610-4949-B504-FD70CB401859}.Release|iPhoneSimulator.ActiveCfg = Release|Any CPU
		{5A734230-E610-4949-B504-FD70CB401859}.Release|iPhoneSimulator.Build.0 = Release|Any CPU
		{5A734230-E610-4949-B504-FD70CB401859}.Debug|iPhone.ActiveCfg = Debug|Any CPU
		{5A734230-E610-4949-B504-FD70CB401859}.Debug|iPhone.Build.0 = Debug|Any CPU
		{5A734230-E610-4949-B504-FD70CB401859}.Release|iPhone.ActiveCfg = Release|Any CPU
		{5A734230-E610-4949-B504-FD70CB401859}.Release|iPhone.Build.0 = Release|Any CPU
		{050DB50E-6010-4B5B-9C70-77C78C65C321}.Debug|Any CPU.ActiveCfg = Debug|iPhoneSimulator
		{050DB50E-6010-4B5B-9C70-77C78C65C321}.Debug|Any CPU.Build.0 = Debug|iPhoneSimulator
		{050DB50E-6010-4B5B-9C70-77C78C65C321}.Release|Any CPU.ActiveCfg = Release|iPhoneSimulator
		{050DB50E-6010-4B5B-9C70-77C78C65C321}.Release|Any CPU.Build.0 = Release|iPhoneSimulator
		{050DB50E-6010-4B5B-9C70-77C78C65C321}.Debug|iPhoneSimulator.ActiveCfg = Debug|iPhoneSimulator
		{050DB50E-6010-4B5B-9C70-77C78C65C321}.Debug|iPhoneSimulator.Build.0 = Debug|iPhoneSimulator
		{050DB50E-6010-4B5B-9C70-77C78C65C321}.Release|iPhoneSimulator.ActiveCfg = Release|iPhoneSimulator
		{050DB50E-6010-4B5B-9C70-77C78C65C321}.Release|iPhoneSimulator.Build.0 = Release|iPhoneSimulator
		{050DB50E-6010-4B5B-9C70-77C78C65C321}.Debug|iPhone.ActiveCfg = Debug|iPhone
		{050DB50E-6010-4B5B-9C70-77C78C65C321}.Debug|iPhone.Build.0 = Debug|iPhone
		{050DB50E-6010-4B5B-9C70-77C78C65C321}.Release|iPhone.ActiveCfg = Release|iPhone
		{050DB50E-6010-4B5B-9C70-77C78C65C321}.Release|iPhone.Build.0 = Release|iPhone
		{0B18E430-4F1B-45DC-82CF-45B4BD57726E}.Debug|Any CPU.ActiveCfg = Debug|Any CPU
		{0B18E430-4F1B-45DC-82CF-45B4BD57726E}.Debug|Any CPU.Build.0 = Debug|Any CPU
		{0B18E430-4F1B-45DC-82CF-45B4BD57726E}.Release|Any CPU.ActiveCfg = Release|Any CPU
		{0B18E430-4F1B-45DC-82CF-45B4BD57726E}.Release|Any CPU.Build.0 = Release|Any CPU
		{0B18E430-4F1B-45DC-82CF-45B4BD57726E}.Debug|iPhoneSimulator.ActiveCfg = Debug|Any CPU
		{0B18E430-4F1B-45DC-82CF-45B4BD57726E}.Debug|iPhoneSimulator.Build.0 = Debug|Any CPU
		{0B18E430-4F1B-45DC-82CF-45B4BD57726E}.Release|iPhoneSimulator.ActiveCfg = Release|Any CPU
		{0B18E430-4F1B-45DC-82CF-45B4BD57726E}.Release|iPhoneSimulator.Build.0 = Release|Any CPU
		{0B18E430-4F1B-45DC-82CF-45B4BD57726E}.Debug|iPhone.ActiveCfg = Debug|Any CPU
		{0B18E430-4F1B-45DC-82CF-45B4BD57726E}.Debug|iPhone.Build.0 = Debug|Any CPU
		{0B18E430-4F1B-45DC-82CF-45B4BD57726E}.Release|iPhone.ActiveCfg = Release|Any CPU
		{0B18E430-4F1B-45DC-82CF-45B4BD57726E}.Release|iPhone.Build.0 = Release|Any CPU
	EndGlobalSection
EndGlobal
